
Microsoft Visual Studio Solution File, Format Version 12.00
# Visual Studio for Mac
Project("{FAE04EC0-301F-11D3-BF4B-00C04F79EFBC}") = "AR_Stealth", "Assembly-CSharp.csproj", "{C26C0899-A67D-E5A5-32D8-F456C1630055}"
EndProject
Project("{FAE04EC0-301F-11D3-BF4B-00C04F79EFBC}") = "AR_Stealth", "Assembly-CSharp-Editor.csproj", "{94C84D57-918F-501B-FA81-8AF223C9ECAB}"
EndProject
Global
	GlobalSection(SolutionConfigurationPlatforms) = preSolution
		Debug|Any CPU = Debug|Any CPU
		Release|Any CPU = Release|Any CPU
	EndGlobalSection
	GlobalSection(ProjectConfigurationPlatforms) = postSolution
		{C26C0899-A67D-E5A5-32D8-F456C1630055}.Debug|Any CPU.ActiveCfg = Debug|Any CPU
		{C26C0899-A67D-E5A5-32D8-F456C1630055}.Debug|Any CPU.Build.0 = Debug|Any CPU
		{C26C0899-A67D-E5A5-32D8-F456C1630055}.Release|Any CPU.ActiveCfg = Release|Any CPU
		{C26C0899-A67D-E5A5-32D8-F456C1630055}.Release|Any CPU.Build.0 = Release|Any CPU
		{94C84D57-918F-501B-FA81-8AF223C9ECAB}.Debug|Any CPU.ActiveCfg = Debug|Any CPU
		{94C84D57-918F-501B-FA81-8AF223C9ECAB}.Debug|Any CPU.Build.0 = Debug|Any CPU
		{94C84D57-918F-501B-FA81-8AF223C9ECAB}.Release|Any CPU.ActiveCfg = Release|Any CPU
		{94C84D57-918F-501B-FA81-8AF223C9ECAB}.Release|Any CPU.Build.0 = Release|Any CPU
	EndGlobalSection
	GlobalSection(SolutionProperties) = preSolution
		HideSolutionNode = FALSE
	EndGlobalSection
EndGlobal
